// !$*UTF8*$!
{
	archiveVersion = 1;
	classes = {
	};
	objectVersion = 56;
	objects = {

/* Begin PBXBuildFile section */
		E33F6FC52C75FCC800CA15F2 /* TabuuAppApp.swift in Sources */ = {isa = PBXBuildFile; fileRef = E33F6FC42C75FCC800CA15F2 /* TabuuAppApp.swift */; };
		E33F6FC72C75FCC800CA15F2 /* ContentView.swift in Sources */ = {isa = PBXBuildFile; fileRef = E33F6FC62C75FCC800CA15F2 /* ContentView.swift */; };
		E33F6FC92C75FCC900CA15F2 /* Assets.xcassets in Resources */ = {isa = PBXBuildFile; fileRef = E33F6FC82C75FCC900CA15F2 /* Assets.xcassets */; };
		E33F6FCC2C75FCC900CA15F2 /* Preview Assets.xcassets in Resources */ = {isa = PBXBuildFile; fileRef = E33F6FCB2C75FCC900CA15F2 /* Preview Assets.xcassets */; };
		E33F6FD42C75FDAB00CA15F2 /* TabuWordView.swift in Sources */ = {isa = PBXBuildFile; fileRef = E33F6FD32C75FDAB00CA15F2 /* TabuWordView.swift */; };
		E33F6FD62C76005100CA15F2 /* StartGameButtonView.swift in Sources */ = {isa = PBXBuildFile; fileRef = E33F6FD52C76005100CA15F2 /* StartGameButtonView.swift */; };
		E33F6FD82C76237E00CA15F2 /* StartGameView.swift in Sources */ = {isa = PBXBuildFile; fileRef = E33F6FD72C76237E00CA15F2 /* StartGameView.swift */; };
		E33F6FDA2C7625DB00CA15F2 /* BackButtonView.swift in Sources */ = {isa = PBXBuildFile; fileRef = E33F6FD92C7625DB00CA15F2 /* BackButtonView.swift */; };
		E374D9BA2C77864F00D2D958 /* GameQuestionFirstTeamBoxView.swift in Sources */ = {isa = PBXBuildFile; fileRef = E374D9B92C77864F00D2D958 /* GameQuestionFirstTeamBoxView.swift */; };
		E38C34462C76673000506459 /* TeamsNamesAndButtonView.swift in Sources */ = {isa = PBXBuildFile; fileRef = E38C34452C76673000506459 /* TeamsNamesAndButtonView.swift */; };
		E38C34482C76683700506459 /* OvalTextFieldStyle.swift in Sources */ = {isa = PBXBuildFile; fileRef = E38C34472C76683700506459 /* OvalTextFieldStyle.swift */; };
		E38C344B2C766A2C00506459 /* GameViewModel.swift in Sources */ = {isa = PBXBuildFile; fileRef = E38C344A2C766A2C00506459 /* GameViewModel.swift */; };
		E398F04F2C79F64A00EBD22A /* GameViewForSecondTeam.swift in Sources */ = {isa = PBXBuildFile; fileRef = E398F04E2C79F64A00EBD22A /* GameViewForSecondTeam.swift */; };
		E398F0512C79F6B200EBD22A /* GameQuestionSecondTeamBoxView.swift in Sources */ = {isa = PBXBuildFile; fileRef = E398F0502C79F6B200EBD22A /* GameQuestionSecondTeamBoxView.swift */; };
		E398F0532C79FE2B00EBD22A /* EndGameView.swift in Sources */ = {isa = PBXBuildFile; fileRef = E398F0522C79FE2B00EBD22A /* EndGameView.swift */; };
		E3C13CA72C776252006DEAC2 /* GameViewForFirstTeam.swift in Sources */ = {isa = PBXBuildFile; fileRef = E3C13CA62C776252006DEAC2 /* GameViewForFirstTeam.swift */; };
		E3E59CB92C78B9C20049C9F6 /* FirebaseDatabase in Frameworks */ = {isa = PBXBuildFile; productRef = E3E59CB82C78B9C20049C9F6 /* FirebaseDatabase */; };
		E3E59CBB2C78B9C20049C9F6 /* FirebaseFirestore in Frameworks */ = {isa = PBXBuildFile; productRef = E3E59CBA2C78B9C20049C9F6 /* FirebaseFirestore */; };
		E3E59CBD2C78B9C20049C9F6 /* FirebaseStorage in Frameworks */ = {isa = PBXBuildFile; productRef = E3E59CBC2C78B9C20049C9F6 /* FirebaseStorage */; };
		E3E59CBF2C78BCA60049C9F6 /* GoogleService-Info.plist in Resources */ = {isa = PBXBuildFile; fileRef = E3E59CBE2C78BCA60049C9F6 /* GoogleService-Info.plist */; };
		E3E59CC12C78C5070049C9F6 /* ScorePageView.swift in Sources */ = {isa = PBXBuildFile; fileRef = E3E59CC02C78C5070049C9F6 /* ScorePageView.swift */; };
/* End PBXBuildFile section */

/* Begin PBXFileReference section */
		E33F6FC12C75FCC800CA15F2 /* TabuuApp.app */ = {isa = PBXFileReference; explicitFileType = wrapper.application; includeInIndex = 0; path = TabuuApp.app; sourceTree = BUILT_PRODUCTS_DIR; };
		E33F6FC42C75FCC800CA15F2 /* TabuuAppApp.swift */ = {isa = PBXFileReference; lastKnownFileType = sourcecode.swift; path = TabuuAppApp.swift; sourceTree = "<group>"; };
		E33F6FC62C75FCC800CA15F2 /* ContentView.swift */ = {isa = PBXFileReference; lastKnownFileType = sourcecode.swift; path = ContentView.swift; sourceTree = "<group>"; };
		E33F6FC82C75FCC900CA15F2 /* Assets.xcassets */ = {isa = PBXFileReference; lastKnownFileType = folder.assetcatalog; path = Assets.xcassets; sourceTree = "<group>"; };
		E33F6FCB2C75FCC900CA15F2 /* Preview Assets.xcassets */ = {isa = PBXFileReference; lastKnownFileType = folder.assetcatalog; path = "Preview Assets.xcassets"; sourceTree = "<group>"; };
		E33F6FD32C75FDAB00CA15F2 /* TabuWordView.swift */ = {isa = PBXFileReference; lastKnownFileType = sourcecode.swift; path = TabuWordView.swift; sourceTree = "<group>"; };
		E33F6FD52C76005100CA15F2 /* StartGameButtonView.swift */ = {isa = PBXFileReference; lastKnownFileType = sourcecode.swift; path = StartGameButtonView.swift; sourceTree = "<group>"; };
		E33F6FD72C76237E00CA15F2 /* StartGameView.swift */ = {isa = PBXFileReference; lastKnownFileType = sourcecode.swift; path = StartGameView.swift; sourceTree = "<group>"; };
		E33F6FD92C7625DB00CA15F2 /* BackButtonView.swift */ = {isa = PBXFileReference; lastKnownFileType = sourcecode.swift; path = BackButtonView.swift; sourceTree = "<group>"; };
		E374D9B92C77864F00D2D958 /* GameQuestionFirstTeamBoxView.swift */ = {isa = PBXFileReference; lastKnownFileType = sourcecode.swift; path = GameQuestionFirstTeamBoxView.swift; sourceTree = "<group>"; };
		E38C34452C76673000506459 /* TeamsNamesAndButtonView.swift */ = {isa = PBXFileReference; lastKnownFileType = sourcecode.swift; path = TeamsNamesAndButtonView.swift; sourceTree = "<group>"; };
		E38C34472C76683700506459 /* OvalTextFieldStyle.swift */ = {isa = PBXFileReference; lastKnownFileType = sourcecode.swift; path = OvalTextFieldStyle.swift; sourceTree = "<group>"; };
		E38C344A2C766A2C00506459 /* GameViewModel.swift */ = {isa = PBXFileReference; lastKnownFileType = sourcecode.swift; path = GameViewModel.swift; sourceTree = "<group>"; };
		E398F04E2C79F64A00EBD22A /* GameViewForSecondTeam.swift */ = {isa = PBXFileReference; lastKnownFileType = sourcecode.swift; path = GameViewForSecondTeam.swift; sourceTree = "<group>"; };
		E398F0502C79F6B200EBD22A /* GameQuestionSecondTeamBoxView.swift */ = {isa = PBXFileReference; lastKnownFileType = sourcecode.swift; path = GameQuestionSecondTeamBoxView.swift; sourceTree = "<group>"; };
		E398F0522C79FE2B00EBD22A /* EndGameView.swift */ = {isa = PBXFileReference; lastKnownFileType = sourcecode.swift; path = EndGameView.swift; sourceTree = "<group>"; };
		E3C13CA62C776252006DEAC2 /* GameViewForFirstTeam.swift */ = {isa = PBXFileReference; lastKnownFileType = sourcecode.swift; path = GameViewForFirstTeam.swift; sourceTree = "<group>"; };
		E3E59CBE2C78BCA60049C9F6 /* GoogleService-Info.plist */ = {isa = PBXFileReference; fileEncoding = 4; lastKnownFileType = text.plist.xml; path = "GoogleService-Info.plist"; sourceTree = "<group>"; };
		E3E59CC02C78C5070049C9F6 /* ScorePageView.swift */ = {isa = PBXFileReference; lastKnownFileType = sourcecode.swift; path = ScorePageView.swift; sourceTree = "<group>"; };
/* End PBXFileReference section */

/* Begin PBXFrameworksBuildPhase section */
		E33F6FBE2C75FCC800CA15F2 /* Frameworks */ = {
			isa = PBXFrameworksBuildPhase;
			buildActionMask = 2147483647;
			files = (
				E3E59CB92C78B9C20049C9F6 /* FirebaseDatabase in Frameworks */,
				E3E59CBB2C78B9C20049C9F6 /* FirebaseFirestore in Frameworks */,
				E3E59CBD2C78B9C20049C9F6 /* FirebaseStorage in Frameworks */,
			);
			runOnlyForDeploymentPostprocessing = 0;
		};
/* End PBXFrameworksBuildPhase section */

/* Begin PBXGroup section */
		E33F6FB82C75FCC800CA15F2 = {
			isa = PBXGroup;
			children = (
				E33F6FC32C75FCC800CA15F2 /* TabuuApp */,
				E33F6FC22C75FCC800CA15F2 /* Products */,
			);
			sourceTree = "<group>";
		};
		E33F6FC22C75FCC800CA15F2 /* Products */ = {
			isa = PBXGroup;
			children = (
				E33F6FC12C75FCC800CA15F2 /* TabuuApp.app */,
			);
			name = Products;
			sourceTree = "<group>";
		};
		E33F6FC32C75FCC800CA15F2 /* TabuuApp */ = {
			isa = PBXGroup;
			children = (
				E3E59CBE2C78BCA60049C9F6 /* GoogleService-Info.plist */,
				E374D9B82C7782EA00D2D958 /* Components */,
				E38C34492C766A0D00506459 /* Viewmodels */,
				E33F6FD22C75FD8B00CA15F2 /* Views */,
				E33F6FC42C75FCC800CA15F2 /* TabuuAppApp.swift */,
				E33F6FC62C75FCC800CA15F2 /* ContentView.swift */,
				E33F6FC82C75FCC900CA15F2 /* Assets.xcassets */,
				E33F6FCA2C75FCC900CA15F2 /* Preview Content */,
			);
			path = TabuuApp;
			sourceTree = "<group>";
		};
		E33F6FCA2C75FCC900CA15F2 /* Preview Content */ = {
			isa = PBXGroup;
			children = (
				E33F6FCB2C75FCC900CA15F2 /* Preview Assets.xcassets */,
			);
			path = "Preview Content";
			sourceTree = "<group>";
		};
		E33F6FD22C75FD8B00CA15F2 /* Views */ = {
			isa = PBXGroup;
			children = (
				E398F0502C79F6B200EBD22A /* GameQuestionSecondTeamBoxView.swift */,
				E374D9B92C77864F00D2D958 /* GameQuestionFirstTeamBoxView.swift */,
				E3E59CC02C78C5070049C9F6 /* ScorePageView.swift */,
				E33F6FD72C76237E00CA15F2 /* StartGameView.swift */,
				E38C34452C76673000506459 /* TeamsNamesAndButtonView.swift */,
				E3C13CA62C776252006DEAC2 /* GameViewForFirstTeam.swift */,
				E398F04E2C79F64A00EBD22A /* GameViewForSecondTeam.swift */,
				E398F0522C79FE2B00EBD22A /* EndGameView.swift */,
			);
			path = Views;
			sourceTree = "<group>";
		};
		E374D9B82C7782EA00D2D958 /* Components */ = {
			isa = PBXGroup;
			children = (
				E33F6FD32C75FDAB00CA15F2 /* TabuWordView.swift */,
				E33F6FD52C76005100CA15F2 /* StartGameButtonView.swift */,
				E33F6FD92C7625DB00CA15F2 /* BackButtonView.swift */,
				E38C34472C76683700506459 /* OvalTextFieldStyle.swift */,
			);
			path = Components;
			sourceTree = "<group>";
		};
		E38C34492C766A0D00506459 /* Viewmodels */ = {
			isa = PBXGroup;
			children = (
				E38C344A2C766A2C00506459 /* GameViewModel.swift */,
			);
			path = Viewmodels;
			sourceTree = "<group>";
		};
/* End PBXGroup section */

/* Begin PBXNativeTarget section */
		E33F6FC02C75FCC800CA15F2 /* TabuuApp */ = {
			isa = PBXNativeTarget;
			buildConfigurationList = E33F6FCF2C75FCC900CA15F2 /* Build configuration list for PBXNativeTarget "TabuuApp" */;
			buildPhases = (
				E33F6FBD2C75FCC800CA15F2 /* Sources */,
				E33F6FBE2C75FCC800CA15F2 /* Frameworks */,
				E33F6FBF2C75FCC800CA15F2 /* Resources */,
			);
			buildRules = (
			);
			dependencies = (
			);
			name = TabuuApp;
			packageProductDependencies = (
				E3E59CB82C78B9C20049C9F6 /* FirebaseDatabase */,
				E3E59CBA2C78B9C20049C9F6 /* FirebaseFirestore */,
				E3E59CBC2C78B9C20049C9F6 /* FirebaseStorage */,
			);
			productName = TabuuApp;
			productReference = E33F6FC12C75FCC800CA15F2 /* TabuuApp.app */;
			productType = "com.apple.product-type.application";
		};
/* End PBXNativeTarget section */

/* Begin PBXProject section */
		E33F6FB92C75FCC800CA15F2 /* Project object */ = {
			isa = PBXProject;
			attributes = {
				BuildIndependentTargetsInParallel = 1;
				LastSwiftUpdateCheck = 1540;
				LastUpgradeCheck = 1540;
				TargetAttributes = {
					E33F6FC02C75FCC800CA15F2 = {
						CreatedOnToolsVersion = 15.4;
					};
				};
			};
			buildConfigurationList = E33F6FBC2C75FCC800CA15F2 /* Build configuration list for PBXProject "TabuuApp" */;
			compatibilityVersion = "Xcode 14.0";
			developmentRegion = en;
			hasScannedForEncodings = 0;
			knownRegions = (
				en,
				Base,
			);
			mainGroup = E33F6FB82C75FCC800CA15F2;
			packageReferences = (
				E3E59CB72C78B9C20049C9F6 /* XCRemoteSwiftPackageReference "firebase-ios-sdk" */,
			);
			productRefGroup = E33F6FC22C75FCC800CA15F2 /* Products */;
			projectDirPath = "";
			projectRoot = "";
			targets = (
				E33F6FC02C75FCC800CA15F2 /* TabuuApp */,
			);
		};
/* End PBXProject section */

/* Begin PBXResourcesBuildPhase section */
		E33F6FBF2C75FCC800CA15F2 /* Resources */ = {
			isa = PBXResourcesBuildPhase;
			buildActionMask = 2147483647;
			files = (
				E33F6FCC2C75FCC900CA15F2 /* Preview Assets.xcassets in Resources */,
				E33F6FC92C75FCC900CA15F2 /* Assets.xcassets in Resources */,
				E3E59CBF2C78BCA60049C9F6 /* GoogleService-Info.plist in Resources */,
			);
			runOnlyForDeploymentPostprocessing = 0;
		};
/* End PBXResourcesBuildPhase section */

/* Begin PBXSourcesBuildPhase section */
		E33F6FBD2C75FCC800CA15F2 /* Sources */ = {
			isa = PBXSourcesBuildPhase;
			buildActionMask = 2147483647;
			files = (
				E38C344B2C766A2C00506459 /* GameViewModel.swift in Sources */,
				E398F0512C79F6B200EBD22A /* GameQuestionSecondTeamBoxView.swift in Sources */,
				E33F6FC72C75FCC800CA15F2 /* ContentView.swift in Sources */,
				E3E59CC12C78C5070049C9F6 /* ScorePageView.swift in Sources */,
				E398F0532C79FE2B00EBD22A /* EndGameView.swift in Sources */,
				E33F6FD62C76005100CA15F2 /* StartGameButtonView.swift in Sources */,
				E33F6FC52C75FCC800CA15F2 /* TabuuAppApp.swift in Sources */,
				E3C13CA72C776252006DEAC2 /* GameViewForFirstTeam.swift in Sources */,
				E38C34462C76673000506459 /* TeamsNamesAndButtonView.swift in Sources */,
				E33F6FD82C76237E00CA15F2 /* StartGameView.swift in Sources */,
				E398F04F2C79F64A00EBD22A /* GameViewForSecondTeam.swift in Sources */,
				E33F6FD42C75FDAB00CA15F2 /* TabuWordView.swift in Sources */,
				E374D9BA2C77864F00D2D958 /* GameQuestionFirstTeamBoxView.swift in Sources */,
				E33F6FDA2C7625DB00CA15F2 /* BackButtonView.swift in Sources */,
				E38C34482C76683700506459 /* OvalTextFieldStyle.swift in Sources */,
			);
			runOnlyForDeploymentPostprocessing = 0;
		};
/* End PBXSourcesBuildPhase section */

/* Begin XCBuildConfiguration section */
		E33F6FCD2C75FCC900CA15F2 /* Debug */ = {
			isa = XCBuildConfiguration;
			buildSettings = {
				ALWAYS_SEARCH_USER_PATHS = NO;
				ASSETCATALOG_COMPILER_GENERATE_SWIFT_ASSET_SYMBOL_EXTENSIONS = YES;
				CLANG_ANALYZER_NONNULL = YES;
				CLANG_ANALYZER_NUMBER_OBJECT_CONVERSION = YES_AGGRESSIVE;
				CLANG_CXX_LANGUAGE_STANDARD = "gnu++20";
				CLANG_ENABLE_MODULES = YES;
				CLANG_ENABLE_OBJC_ARC = YES;
				CLANG_ENABLE_OBJC_WEAK = YES;
				CLANG_WARN_BLOCK_CAPTURE_AUTORELEASING = YES;
				CLANG_WARN_BOOL_CONVERSION = YES;
				CLANG_WARN_COMMA = YES;
				CLANG_WARN_CONSTANT_CONVERSION = YES;
				CLANG_WARN_DEPRECATED_OBJC_IMPLEMENTATIONS = YES;
				CLANG_WARN_DIRECT_OBJC_ISA_USAGE = YES_ERROR;
				CLANG_WARN_DOCUMENTATION_COMMENTS = YES;
				CLANG_WARN_EMPTY_BODY = YES;
				CLANG_WARN_ENUM_CONVERSION = YES;
				CLANG_WARN_INFINITE_RECURSION = YES;
				CLANG_WARN_INT_CONVERSION = YES;
				CLANG_WARN_NON_LITERAL_NULL_CONVERSION = YES;
				CLANG_WARN_OBJC_IMPLICIT_RETAIN_SELF = YES;
				CLANG_WARN_OBJC_LITERAL_CONVERSION = YES;
				CLANG_WARN_OBJC_ROOT_CLASS = YES_ERROR;
				CLANG_WARN_QUOTED_INCLUDE_IN_FRAMEWORK_HEADER = YES;
				CLANG_WARN_RANGE_LOOP_ANALYSIS = YES;
				CLANG_WARN_STRICT_PROTOTYPES = YES;
				CLANG_WARN_SUSPICIOUS_MOVE = YES;
				CLANG_WARN_UNGUARDED_AVAILABILITY = YES_AGGRESSIVE;
				CLANG_WARN_UNREACHABLE_CODE = YES;
				CLANG_WARN__DUPLICATE_METHOD_MATCH = YES;
				COPY_PHASE_STRIP = NO;
				DEBUG_INFORMATION_FORMAT = dwarf;
				ENABLE_STRICT_OBJC_MSGSEND = YES;
				ENABLE_TESTABILITY = YES;
				ENABLE_USER_SCRIPT_SANDBOXING = YES;
				GCC_C_LANGUAGE_STANDARD = gnu17;
				GCC_DYNAMIC_NO_PIC = NO;
				GCC_NO_COMMON_BLOCKS = YES;
				GCC_OPTIMIZATION_LEVEL = 0;
				GCC_PREPROCESSOR_DEFINITIONS = (
					"DEBUG=1",
					"$(inherited)",
				);
				GCC_WARN_64_TO_32_BIT_CONVERSION = YES;
				GCC_WARN_ABOUT_RETURN_TYPE = YES_ERROR;
				GCC_WARN_UNDECLARED_SELECTOR = YES;
				GCC_WARN_UNINITIALIZED_AUTOS = YES_AGGRESSIVE;
				GCC_WARN_UNUSED_FUNCTION = YES;
				GCC_WARN_UNUSED_VARIABLE = YES;
				IPHONEOS_DEPLOYMENT_TARGET = 17.5;
				LOCALIZATION_PREFERS_STRING_CATALOGS = YES;
				MTL_ENABLE_DEBUG_INFO = INCLUDE_SOURCE;
				MTL_FAST_MATH = YES;
				ONLY_ACTIVE_ARCH = YES;
				SDKROOT = iphoneos;
				SWIFT_ACTIVE_COMPILATION_CONDITIONS = "DEBUG $(inherited)";
				SWIFT_OPTIMIZATION_LEVEL = "-Onone";
			};
			name = Debug;
		};
		E33F6FCE2C75FCC900CA15F2 /* Release */ = {
			isa = XCBuildConfiguration;
			buildSettings = {
				ALWAYS_SEARCH_USER_PATHS = NO;
				ASSETCATALOG_COMPILER_GENERATE_SWIFT_ASSET_SYMBOL_EXTENSIONS = YES;
				CLANG_ANALYZER_NONNULL = YES;
				CLANG_ANALYZER_NUMBER_OBJECT_CONVERSION = YES_AGGRESSIVE;
				CLANG_CXX_LANGUAGE_STANDARD = "gnu++20";
				CLANG_ENABLE_MODULES = YES;
				CLANG_ENABLE_OBJC_ARC = YES;
				CLANG_ENABLE_OBJC_WEAK = YES;
				CLANG_WARN_BLOCK_CAPTURE_AUTORELEASING = YES;
				CLANG_WARN_BOOL_CONVERSION = YES;
				CLANG_WARN_COMMA = YES;
				CLANG_WARN_CONSTANT_CONVERSION = YES;
				CLANG_WARN_DEPRECATED_OBJC_IMPLEMENTATIONS = YES;
				CLANG_WARN_DIRECT_OBJC_ISA_USAGE = YES_ERROR;
				CLANG_WARN_DOCUMENTATION_COMMENTS = YES;
				CLANG_WARN_EMPTY_BODY = YES;
				CLANG_WARN_ENUM_CONVERSION = YES;
				CLANG_WARN_INFINITE_RECURSION = YES;
				CLANG_WARN_INT_CONVERSION = YES;
				CLANG_WARN_NON_LITERAL_NULL_CONVERSION = YES;
				CLANG_WARN_OBJC_IMPLICIT_RETAIN_SELF = YES;
				CLANG_WARN_OBJC_LITERAL_CONVERSION = YES;
				CLANG_WARN_OBJC_ROOT_CLASS = YES_ERROR;
				CLANG_WARN_QUOTED_INCLUDE_IN_FRAMEWORK_HEADER = YES;
				CLANG_WARN_RANGE_LOOP_ANALYSIS = YES;
				CLANG_WARN_STRICT_PROTOTYPES = YES;
				CLANG_WARN_SUSPICIOUS_MOVE = YES;
				CLANG_WARN_UNGUARDED_AVAILABILITY = YES_AGGRESSIVE;
				CLANG_WARN_UNREACHABLE_CODE = YES;
				CLANG_WARN__DUPLICATE_METHOD_MATCH = YES;
				COPY_PHASE_STRIP = NO;
				DEBUG_INFORMATION_FORMAT = "dwarf-with-dsym";
				ENABLE_NS_ASSERTIONS = NO;
				ENABLE_STRICT_OBJC_MSGSEND = YES;
				ENABLE_USER_SCRIPT_SANDBOXING = YES;
				GCC_C_LANGUAGE_STANDARD = gnu17;
				GCC_NO_COMMON_BLOCKS = YES;
				GCC_WARN_64_TO_32_BIT_CONVERSION = YES;
				GCC_WARN_ABOUT_RETURN_TYPE = YES_ERROR;
				GCC_WARN_UNDECLARED_SELECTOR = YES;
				GCC_WARN_UNINITIALIZED_AUTOS = YES_AGGRESSIVE;
				GCC_WARN_UNUSED_FUNCTION = YES;
				GCC_WARN_UNUSED_VARIABLE = YES;
				IPHONEOS_DEPLOYMENT_TARGET = 17.5;
				LOCALIZATION_PREFERS_STRING_CATALOGS = YES;
				MTL_ENABLE_DEBUG_INFO = NO;
				MTL_FAST_MATH = YES;
				SDKROOT = iphoneos;
				SWIFT_COMPILATION_MODE = wholemodule;
				VALIDATE_PRODUCT = YES;
			};
			name = Release;
		};
		E33F6FD02C75FCC900CA15F2 /* Debug */ = {
			isa = XCBuildConfiguration;
			buildSettings = {
				ASSETCATALOG_COMPILER_APPICON_NAME = AppIcon;
				ASSETCATALOG_COMPILER_GLOBAL_ACCENT_COLOR_NAME = AccentColor;
				CODE_SIGN_STYLE = Automatic;
				CURRENT_PROJECT_VERSION = 1;
				DEVELOPMENT_ASSET_PATHS = "\"TabuuApp/Preview Content\"";
				DEVELOPMENT_TEAM = 7C78T53K7Q;
				ENABLE_PREVIEWS = YES;
				GENERATE_INFOPLIST_FILE = YES;
				INFOPLIST_KEY_UIApplicationSceneManifest_Generation = YES;
				INFOPLIST_KEY_UIApplicationSupportsIndirectInputEvents = YES;
				INFOPLIST_KEY_UILaunchScreen_Generation = YES;
				INFOPLIST_KEY_UISupportedInterfaceOrientations_iPad = "UIInterfaceOrientationPortrait UIInterfaceOrientationPortraitUpsideDown UIInterfaceOrientationLandscapeLeft UIInterfaceOrientationLandscapeRight";
				INFOPLIST_KEY_UISupportedInterfaceOrientations_iPhone = "UIInterfaceOrientationPortrait UIInterfaceOrientationLandscapeLeft UIInterfaceOrientationLandscapeRight";
				LD_RUNPATH_SEARCH_PATHS = (
					"$(inherited)",
					"@executable_path/Frameworks",
				);
				MARKETING_VERSION = 1.0;
				PRODUCT_BUNDLE_IDENTIFIER = com.mehmetakifkaymak.TabuuApp;
				PRODUCT_NAME = "$(TARGET_NAME)";
				SWIFT_EMIT_LOC_STRINGS = YES;
				SWIFT_VERSION = 5.0;
				TARGETED_DEVICE_FAMILY = "1,2";
			};
			name = Debug;
		};
		E33F6FD12C75FCC900CA15F2 /* Release */ = {
			isa = XCBuildConfiguration;
			buildSettings = {
				ASSETCATALOG_COMPILER_APPICON_NAME = AppIcon;
				ASSETCATALOG_COMPILER_GLOBAL_ACCENT_COLOR_NAME = AccentColor;
				CODE_SIGN_STYLE = Automatic;
				CURRENT_PROJECT_VERSION = 1;
				DEVELOPMENT_ASSET_PATHS = "\"TabuuApp/Preview Content\"";
				DEVELOPMENT_TEAM = 7C78T53K7Q;
				ENABLE_PREVIEWS = YES;
				GENERATE_INFOPLIST_FILE = YES;
				INFOPLIST_KEY_UIApplicationSceneManifest_Generation = YES;
				INFOPLIST_KEY_UIApplicationSupportsIndirectInputEvents = YES;
				INFOPLIST_KEY_UILaunchScreen_Generation = YES;
				INFOPLIST_KEY_UISupportedInterfaceOrientations_iPad = "UIInterfaceOrientationPortrait UIInterfaceOrientationPortraitUpsideDown UIInterfaceOrientationLandscapeLeft UIInterfaceOrientationLandscapeRight";
				INFOPLIST_KEY_UISupportedInterfaceOrientations_iPhone = "UIInterfaceOrientationPortrait UIInterfaceOrientationLandscapeLeft UIInterfaceOrientationLandscapeRight";
				LD_RUNPATH_SEARCH_PATHS = (
					"$(inherited)",
					"@executable_path/Frameworks",
				);
				MARKETING_VERSION = 1.0;
				PRODUCT_BUNDLE_IDENTIFIER = com.mehmetakifkaymak.TabuuApp;
				PRODUCT_NAME = "$(TARGET_NAME)";
				SWIFT_EMIT_LOC_STRINGS = YES;
				SWIFT_VERSION = 5.0;
				TARGETED_DEVICE_FAMILY = "1,2";
			};
			name = Release;
		};
/* End XCBuildConfiguration section */

/* Begin XCConfigurationList section */
		E33F6FBC2C75FCC800CA15F2 /* Build configuration list for PBXProject "TabuuApp" */ = {
			isa = XCConfigurationList;
			buildConfigurations = (
				E33F6FCD2C75FCC900CA15F2 /* Debug */,
				E33F6FCE2C75FCC900CA15F2 /* Release */,
			);
			defaultConfigurationIsVisible = 0;
			defaultConfigurationName = Release;
		};
		E33F6FCF2C75FCC900CA15F2 /* Build configuration list for PBXNativeTarget "TabuuApp" */ = {
			isa = XCConfigurationList;
			buildConfigurations = (
				E33F6FD02C75FCC900CA15F2 /* Debug */,
				E33F6FD12C75FCC900CA15F2 /* Release */,
			);
			defaultConfigurationIsVisible = 0;
			defaultConfigurationName = Release;
		};
/* End XCConfigurationList section */

/* Begin XCRemoteSwiftPackageReference section */
		E3E59CB72C78B9C20049C9F6 /* XCRemoteSwiftPackageReference "firebase-ios-sdk" */ = {
			isa = XCRemoteSwiftPackageReference;
			repositoryURL = "https://github.com/firebase/firebase-ios-sdk";
			requirement = {
				kind = upToNextMajorVersion;
				minimumVersion = 11.1.0;
			};
		};
/* End XCRemoteSwiftPackageReference section */

/* Begin XCSwiftPackageProductDependency section */
		E3E59CB82C78B9C20049C9F6 /* FirebaseDatabase */ = {
			isa = XCSwiftPackageProductDependency;
			package = E3E59CB72C78B9C20049C9F6 /* XCRemoteSwiftPackageReference "firebase-ios-sdk" */;
			productName = FirebaseDatabase;
		};
		E3E59CBA2C78B9C20049C9F6 /* FirebaseFirestore */ = {
			isa = XCSwiftPackageProductDependency;
			package = E3E59CB72C78B9C20049C9F6 /* XCRemoteSwiftPackageReference "firebase-ios-sdk" */;
			productName = FirebaseFirestore;
		};
		E3E59CBC2C78B9C20049C9F6 /* FirebaseStorage */ = {
			isa = XCSwiftPackageProductDependency;
			package = E3E59CB72C78B9C20049C9F6 /* XCRemoteSwiftPackageReference "firebase-ios-sdk" */;
			productName = FirebaseStorage;
		};
/* End XCSwiftPackageProductDependency section */
	};
	rootObject = E33F6FB92C75FCC800CA15F2 /* Project object */;
}
